// !$*UTF8*$!
{
	archiveVersion = 1;
	classes = {
	};
	objectVersion = 50;
	objects = {

/* Begin PBXBuildFile section */
		36C06E5E247E4FE40096CF88 /* BasicViewController.swift in Sources */ = {isa = PBXBuildFile; fileRef = 36C06E5D247E4FE40096CF88 /* BasicViewController.swift */; };
		36C06E60247E542C0096CF88 /* TransitionViewController.swift in Sources */ = {isa = PBXBuildFile; fileRef = 36C06E5F247E542C0096CF88 /* TransitionViewController.swift */; };
		36C06E63247E5B5D0096CF88 /* SnowView.swift in Sources */ = {isa = PBXBuildFile; fileRef = 36C06E62247E5B5D0096CF88 /* SnowView.swift */; };
		36C06E65248134E70096CF88 /* KeyframeViewController.swift in Sources */ = {isa = PBXBuildFile; fileRef = 36C06E64248134E70096CF88 /* KeyframeViewController.swift */; };
		36C06E672485463A0096CF88 /* AutoLayoutExViewController.swift in Sources */ = {isa = PBXBuildFile; fileRef = 36C06E662485463A0096CF88 /* AutoLayoutExViewController.swift */; };
		5C1EB31423AB2EED00AB69D4 /* AppDelegate.swift in Sources */ = {isa = PBXBuildFile; fileRef = 5C1EB31323AB2EED00AB69D4 /* AppDelegate.swift */; };
		5C1EB31823AB2EED00AB69D4 /* ViewController.swift in Sources */ = {isa = PBXBuildFile; fileRef = 5C1EB31723AB2EED00AB69D4 /* ViewController.swift */; };
		5C1EB31B23AB2EED00AB69D4 /* Main.storyboard in Resources */ = {isa = PBXBuildFile; fileRef = 5C1EB31923AB2EED00AB69D4 /* Main.storyboard */; };
		5C1EB31D23AB2EEE00AB69D4 /* Assets.xcassets in Resources */ = {isa = PBXBuildFile; fileRef = 5C1EB31C23AB2EEE00AB69D4 /* Assets.xcassets */; };
		5C1EB32023AB2EEE00AB69D4 /* LaunchScreen.storyboard in Resources */ = {isa = PBXBuildFile; fileRef = 5C1EB31E23AB2EEE00AB69D4 /* LaunchScreen.storyboard */; };
		6BD5C54525A990D700795F13 /* LayerAnimationViewController.swift in Sources */ = {isa = PBXBuildFile; fileRef = 6BD5C54425A990D700795F13 /* LayerAnimationViewController.swift */; };
/* End PBXBuildFile section */

/* Begin PBXFileReference section */
		36C06E5D247E4FE40096CF88 /* BasicViewController.swift */ = {isa = PBXFileReference; lastKnownFileType = sourcecode.swift; path = BasicViewController.swift; sourceTree = "<group>"; };
		36C06E5F247E542C0096CF88 /* TransitionViewController.swift */ = {isa = PBXFileReference; lastKnownFileType = sourcecode.swift; path = TransitionViewController.swift; sourceTree = "<group>"; };
		36C06E62247E5B5D0096CF88 /* SnowView.swift */ = {isa = PBXFileReference; lastKnownFileType = sourcecode.swift; path = SnowView.swift; sourceTree = "<group>"; };
		36C06E64248134E70096CF88 /* KeyframeViewController.swift */ = {isa = PBXFileReference; lastKnownFileType = sourcecode.swift; path = KeyframeViewController.swift; sourceTree = "<group>"; };
		36C06E662485463A0096CF88 /* AutoLayoutExViewController.swift */ = {isa = PBXFileReference; lastKnownFileType = sourcecode.swift; path = AutoLayoutExViewController.swift; sourceTree = "<group>"; };
		5C1EB31023AB2EED00AB69D4 /* AnimationEx.app */ = {isa = PBXFileReference; explicitFileType = wrapper.application; includeInIndex = 0; path = AnimationEx.app; sourceTree = BUILT_PRODUCTS_DIR; };
		5C1EB31323AB2EED00AB69D4 /* AppDelegate.swift */ = {isa = PBXFileReference; lastKnownFileType = sourcecode.swift; path = AppDelegate.swift; sourceTree = "<group>"; };
		5C1EB31723AB2EED00AB69D4 /* ViewController.swift */ = {isa = PBXFileReference; lastKnownFileType = sourcecode.swift; path = ViewController.swift; sourceTree = "<group>"; };
		5C1EB31A23AB2EED00AB69D4 /* Base */ = {isa = PBXFileReference; lastKnownFileType = file.storyboard; name = Base; path = Base.lproj/Main.storyboard; sourceTree = "<group>"; };
		5C1EB31C23AB2EEE00AB69D4 /* Assets.xcassets */ = {isa = PBXFileReference; lastKnownFileType = folder.assetcatalog; path = Assets.xcassets; sourceTree = "<group>"; };
		5C1EB31F23AB2EEE00AB69D4 /* Base */ = {isa = PBXFileReference; lastKnownFileType = file.storyboard; name = Base; path = Base.lproj/LaunchScreen.storyboard; sourceTree = "<group>"; };
		5C1EB32123AB2EEE00AB69D4 /* Info.plist */ = {isa = PBXFileReference; lastKnownFileType = text.plist.xml; path = Info.plist; sourceTree = "<group>"; };
		6BD5C54425A990D700795F13 /* LayerAnimationViewController.swift */ = {isa = PBXFileReference; lastKnownFileType = sourcecode.swift; path = LayerAnimationViewController.swift; sourceTree = "<group>"; };
/* End PBXFileReference section */

/* Begin PBXFrameworksBuildPhase section */
		5C1EB30D23AB2EED00AB69D4 /* Frameworks */ = {
			isa = PBXFrameworksBuildPhase;
			buildActionMask = 2147483647;
			files = (
			);
			runOnlyForDeploymentPostprocessing = 0;
		};
/* End PBXFrameworksBuildPhase section */

/* Begin PBXGroup section */
		36C06E61247E55670096CF88 /* Extention */ = {
			isa = PBXGroup;
			children = (
				36C06E62247E5B5D0096CF88 /* SnowView.swift */,
			);
			path = Extention;
			sourceTree = "<group>";
		};
		5C1EB30723AB2EED00AB69D4 = {
			isa = PBXGroup;
			children = (
				5C1EB31223AB2EED00AB69D4 /* AnimationEx */,
				5C1EB31123AB2EED00AB69D4 /* Products */,
			);
			sourceTree = "<group>";
		};
		5C1EB31123AB2EED00AB69D4 /* Products */ = {
			isa = PBXGroup;
			children = (
				5C1EB31023AB2EED00AB69D4 /* AnimationEx.app */,
			);
			name = Products;
			sourceTree = "<group>";
		};
		5C1EB31223AB2EED00AB69D4 /* AnimationEx */ = {
			isa = PBXGroup;
			children = (
				36C06E61247E55670096CF88 /* Extention */,
				5C1EB31323AB2EED00AB69D4 /* AppDelegate.swift */,
				5C1EB31723AB2EED00AB69D4 /* ViewController.swift */,
				5C1EB31923AB2EED00AB69D4 /* Main.storyboard */,
				5C1EB31C23AB2EEE00AB69D4 /* Assets.xcassets */,
				5C1EB31E23AB2EEE00AB69D4 /* LaunchScreen.storyboard */,
				5C1EB32123AB2EEE00AB69D4 /* Info.plist */,
				36C06E5D247E4FE40096CF88 /* BasicViewController.swift */,
				36C06E5F247E542C0096CF88 /* TransitionViewController.swift */,
				36C06E64248134E70096CF88 /* KeyframeViewController.swift */,
				36C06E662485463A0096CF88 /* AutoLayoutExViewController.swift */,
				6BD5C54425A990D700795F13 /* LayerAnimationViewController.swift */,
			);
			path = AnimationEx;
			sourceTree = "<group>";
		};
/* End PBXGroup section */

/* Begin PBXNativeTarget section */
		5C1EB30F23AB2EED00AB69D4 /* AnimationEx */ = {
			isa = PBXNativeTarget;
			buildConfigurationList = 5C1EB32423AB2EEE00AB69D4 /* Build configuration list for PBXNativeTarget "AnimationEx" */;
			buildPhases = (
				5C1EB30C23AB2EED00AB69D4 /* Sources */,
				5C1EB30D23AB2EED00AB69D4 /* Frameworks */,
				5C1EB30E23AB2EED00AB69D4 /* Resources */,
			);
			buildRules = (
			);
			dependencies = (
			);
			name = AnimationEx;
			productName = AnimationEx;
			productReference = 5C1EB31023AB2EED00AB69D4 /* AnimationEx.app */;
			productType = "com.apple.product-type.application";
		};
/* End PBXNativeTarget section */

/* Begin PBXProject section */
		5C1EB30823AB2EED00AB69D4 /* Project object */ = {
			isa = PBXProject;
			attributes = {
				LastSwiftUpdateCheck = 1120;
				LastUpgradeCheck = 1120;
				ORGANIZATIONNAME = Jinnify;
				TargetAttributes = {
					5C1EB30F23AB2EED00AB69D4 = {
						CreatedOnToolsVersion = 11.2.1;
					};
				};
			};
			buildConfigurationList = 5C1EB30B23AB2EED00AB69D4 /* Build configuration list for PBXProject "AnimationEx" */;
			compatibilityVersion = "Xcode 9.3";
			developmentRegion = en;
			hasScannedForEncodings = 0;
			knownRegions = (
				en,
				Base,
			);
			mainGroup = 5C1EB30723AB2EED00AB69D4;
			productRefGroup = 5C1EB31123AB2EED00AB69D4 /* Products */;
			projectDirPath = "";
			projectRoot = "";
			targets = (
				5C1EB30F23AB2EED00AB69D4 /* AnimationEx */,
			);
		};
/* End PBXProject section */

/* Begin PBXResourcesBuildPhase section */
		5C1EB30E23AB2EED00AB69D4 /* Resources */ = {
			isa = PBXResourcesBuildPhase;
			buildActionMask = 2147483647;
			files = (
				5C1EB32023AB2EEE00AB69D4 /* LaunchScreen.storyboard in Resources */,
				5C1EB31D23AB2EEE00AB69D4 /* Assets.xcassets in Resources */,
				5C1EB31B23AB2EED00AB69D4 /* Main.storyboard in Resources */,
			);
			runOnlyForDeploymentPostprocessing = 0;
		};
/* End PBXResourcesBuildPhase section */

/* Begin PBXSourcesBuildPhase section */
		5C1EB30C23AB2EED00AB69D4 /* Sources */ = {
			isa = PBXSourcesBuildPhase;
			buildActionMask = 2147483647;
			files = (
				36C06E65248134E70096CF88 /* KeyframeViewController.swift in Sources */,
				5C1EB31823AB2EED00AB69D4 /* ViewController.swift in Sources */,
				36C06E672485463A0096CF88 /* AutoLayoutExViewController.swift in Sources */,
				36C06E5E247E4FE40096CF88 /* BasicViewController.swift in Sources */,
				5C1EB31423AB2EED00AB69D4 /* AppDelegate.swift in Sources */,
				6BD5C54525A990D700795F13 /* LayerAnimationViewController.swift in Sources */,
				36C06E60247E542C0096CF88 /* TransitionViewController.swift in Sources */,
				36C06E63247E5B5D0096CF88 /* SnowView.swift in Sources */,
			);
			runOnlyForDeploymentPostprocessing = 0;
		};
/* End PBXSourcesBuildPhase section */

/* Begin PBXVariantGroup section */
		5C1EB31923AB2EED00AB69D4 /* Main.storyboard */ = {
			isa = PBXVariantGroup;
			children = (
				5C1EB31A23AB2EED00AB69D4 /* Base */,
			);
			name = Main.storyboard;
			sourceTree = "<group>";
		};
		5C1EB31E23AB2EEE00AB69D4 /* LaunchScreen.storyboard */ = {
			isa = PBXVariantGroup;
			children = (
				5C1EB31F23AB2EEE00AB69D4 /* Base */,
			);
			name = LaunchScreen.storyboard;
			sourceTree = "<group>";
		};
/* End PBXVariantGroup section */

/* Begin XCBuildConfiguration section */
		5C1EB32223AB2EEE00AB69D4 /* Debug */ = {
			isa = XCBuildConfiguration;
			buildSettings = {
				ALWAYS_SEARCH_USER_PATHS = NO;
				CLANG_ANALYZER_NONNULL = YES;
				CLANG_ANALYZER_NUMBER_OBJECT_CONVERSION = YES_AGGRESSIVE;
				CLANG_CXX_LANGUAGE_STANDARD = "gnu++14";
				CLANG_CXX_LIBRARY = "libc++";
				CLANG_ENABLE_MODULES = YES;
				CLANG_ENABLE_OBJC_ARC = YES;
				CLANG_ENABLE_OBJC_WEAK = YES;
				CLANG_WARN_BLOCK_CAPTURE_AUTORELEASING = YES;
				CLANG_WARN_BOOL_CONVERSION = YES;
				CLANG_WARN_COMMA = YES;
				CLANG_WARN_CONSTANT_CONVERSION = YES;
				CLANG_WARN_DEPRECATED_OBJC_IMPLEMENTATIONS = YES;
				CLANG_WARN_DIRECT_OBJC_ISA_USAGE = YES_ERROR;
				CLANG_WARN_DOCUMENTATION_COMMENTS = YES;
				CLANG_WARN_EMPTY_BODY = YES;
				CLANG_WARN_ENUM_CONVERSION = YES;
				CLANG_WARN_INFINITE_RECURSION = YES;
				CLANG_WARN_INT_CONVERSION = YES;
				CLANG_WARN_NON_LITERAL_NULL_CONVERSION = YES;
				CLANG_WARN_OBJC_IMPLICIT_RETAIN_SELF = YES;
				CLANG_WARN_OBJC_LITERAL_CONVERSION = YES;
				CLANG_WARN_OBJC_ROOT_CLASS = YES_ERROR;
				CLANG_WARN_RANGE_LOOP_ANALYSIS = YES;
				CLANG_WARN_STRICT_PROTOTYPES = YES;
				CLANG_WARN_SUSPICIOUS_MOVE = YES;
				CLANG_WARN_UNGUARDED_AVAILABILITY = YES_AGGRESSIVE;
				CLANG_WARN_UNREACHABLE_CODE = YES;
				CLANG_WARN__DUPLICATE_METHOD_MATCH = YES;
				COPY_PHASE_STRIP = NO;
				DEBUG_INFORMATION_FORMAT = dwarf;
				ENABLE_STRICT_OBJC_MSGSEND = YES;
				ENABLE_TESTABILITY = YES;
				GCC_C_LANGUAGE_STANDARD = gnu11;
				GCC_DYNAMIC_NO_PIC = NO;
				GCC_NO_COMMON_BLOCKS = YES;
				GCC_OPTIMIZATION_LEVEL = 0;
				GCC_PREPROCESSOR_DEFINITIONS = (
					"DEBUG=1",
					"$(inherited)",
				);
				GCC_WARN_64_TO_32_BIT_CONVERSION = YES;
				GCC_WARN_ABOUT_RETURN_TYPE = YES_ERROR;
				GCC_WARN_UNDECLARED_SELECTOR = YES;
				GCC_WARN_UNINITIALIZED_AUTOS = YES_AGGRESSIVE;
				GCC_WARN_UNUSED_FUNCTION = YES;
				GCC_WARN_UNUSED_VARIABLE = YES;
				IPHONEOS_DEPLOYMENT_TARGET = 13.2;
				MTL_ENABLE_DEBUG_INFO = INCLUDE_SOURCE;
				MTL_FAST_MATH = YES;
				ONLY_ACTIVE_ARCH = YES;
				SDKROOT = iphoneos;
				SWIFT_ACTIVE_COMPILATION_CONDITIONS = DEBUG;
				SWIFT_OPTIMIZATION_LEVEL = "-Onone";
			};
			name = Debug;
		};
		5C1EB32323AB2EEE00AB69D4 /* Release */ = {
			isa = XCBuildConfiguration;
			buildSettings = {
				ALWAYS_SEARCH_USER_PATHS = NO;
				CLANG_ANALYZER_NONNULL = YES;
				CLANG_ANALYZER_NUMBER_OBJECT_CONVERSION = YES_AGGRESSIVE;
				CLANG_CXX_LANGUAGE_STANDARD = "gnu++14";
				CLANG_CXX_LIBRARY = "libc++";
				CLANG_ENABLE_MODULES = YES;
				CLANG_ENABLE_OBJC_ARC = YES;
				CLANG_ENABLE_OBJC_WEAK = YES;
				CLANG_WARN_BLOCK_CAPTURE_AUTORELEASING = YES;
				CLANG_WARN_BOOL_CONVERSION = YES;
				CLANG_WARN_COMMA = YES;
				CLANG_WARN_CONSTANT_CONVERSION = YES;
				CLANG_WARN_DEPRECATED_OBJC_IMPLEMENTATIONS = YES;
				CLANG_WARN_DIRECT_OBJC_ISA_USAGE = YES_ERROR;
				CLANG_WARN_DOCUMENTATION_COMMENTS = YES;
				CLANG_WARN_EMPTY_BODY = YES;
				CLANG_WARN_ENUM_CONVERSION = YES;
				CLANG_WARN_INFINITE_RECURSION = YES;
				CLANG_WARN_INT_CONVERSION = YES;
				CLANG_WARN_NON_LITERAL_NULL_CONVERSION = YES;
				CLANG_WARN_OBJC_IMPLICIT_RETAIN_SELF = YES;
				CLANG_WARN_OBJC_LITERAL_CONVERSION = YES;
				CLANG_WARN_OBJC_ROOT_CLASS = YES_ERROR;
				CLANG_WARN_RANGE_LOOP_ANALYSIS = YES;
				CLANG_WARN_STRICT_PROTOTYPES = YES;
				CLANG_WARN_SUSPICIOUS_MOVE = YES;
				CLANG_WARN_UNGUARDED_AVAILABILITY = YES_AGGRESSIVE;
				CLANG_WARN_UNREACHABLE_CODE = YES;
				CLANG_WARN__DUPLICATE_METHOD_MATCH = YES;
				COPY_PHASE_STRIP = NO;
				DEBUG_INFORMATION_FORMAT = "dwarf-with-dsym";
				ENABLE_NS_ASSERTIONS = NO;
				ENABLE_STRICT_OBJC_MSGSEND = YES;
				GCC_C_LANGUAGE_STANDARD = gnu11;
				GCC_NO_COMMON_BLOCKS = YES;
				GCC_WARN_64_TO_32_BIT_CONVERSION = YES;
				GCC_WARN_ABOUT_RETURN_TYPE = YES_ERROR;
				GCC_WARN_UNDECLARED_SELECTOR = YES;
				GCC_WARN_UNINITIALIZED_AUTOS = YES_AGGRESSIVE;
				GCC_WARN_UNUSED_FUNCTION = YES;
				GCC_WARN_UNUSED_VARIABLE = YES;
				IPHONEOS_DEPLOYMENT_TARGET = 13.2;
				MTL_ENABLE_DEBUG_INFO = NO;
				MTL_FAST_MATH = YES;
				SDKROOT = iphoneos;
				SWIFT_COMPILATION_MODE = wholemodule;
				SWIFT_OPTIMIZATION_LEVEL = "-O";
				VALIDATE_PRODUCT = YES;
			};
			name = Release;
		};
		5C1EB32523AB2EEE00AB69D4 /* Debug */ = {
			isa = XCBuildConfiguration;
			buildSettings = {
				ASSETCATALOG_COMPILER_APPICON_NAME = AppIcon;
				CODE_SIGN_STYLE = Automatic;
				DEVELOPMENT_TEAM = CNMQE42DQF;
				INFOPLIST_FILE = AnimationEx/Info.plist;
				LD_RUNPATH_SEARCH_PATHS = (
					"$(inherited)",
					"@executable_path/Frameworks",
				);
				PRODUCT_BUNDLE_IDENTIFIER = com.jinnify.AnimationEx;
				PRODUCT_NAME = "$(TARGET_NAME)";
				SWIFT_VERSION = 5.0;
				TARGETED_DEVICE_FAMILY = "1,2";
			};
			name = Debug;
		};
		5C1EB32623AB2EEE00AB69D4 /* Release */ = {
			isa = XCBuildConfiguration;
			buildSettings = {
				ASSETCATALOG_COMPILER_APPICON_NAME = AppIcon;
				CODE_SIGN_STYLE = Automatic;
				DEVELOPMENT_TEAM = QGFZCPYLU4;
				INFOPLIST_FILE = AnimationEx/Info.plist;
				LD_RUNPATH_SEARCH_PATHS = (
					"$(inherited)",
					"@executable_path/Frameworks",
				);
				PRODUCT_BUNDLE_IDENTIFIER = com.jinnify.AnimationEx;
				PRODUCT_NAME = "$(TARGET_NAME)";
				SWIFT_VERSION = 5.0;
				TARGETED_DEVICE_FAMILY = "1,2";
			};
			name = Release;
		};
/* End XCBuildConfiguration section */

/* Begin XCConfigurationList section */
		5C1EB30B23AB2EED00AB69D4 /* Build configuration list for PBXProject "AnimationEx" */ = {
			isa = XCConfigurationList;
			buildConfigurations = (
				5C1EB32223AB2EEE00AB69D4 /* Debug */,
				5C1EB32323AB2EEE00AB69D4 /* Release */,
			);
			defaultConfigurationIsVisible = 0;
			defaultConfigurationName = Release;
		};
		5C1EB32423AB2EEE00AB69D4 /* Build configuration list for PBXNativeTarget "AnimationEx" */ = {
			isa = XCConfigurationList;
			buildConfigurations = (
				5C1EB32523AB2EEE00AB69D4 /* Debug */,
				5C1EB32623AB2EEE00AB69D4 /* Release */,
			);
			defaultConfigurationIsVisible = 0;
			defaultConfigurationName = Release;
		};
/* End XCConfigurationList section */
	};
	rootObject = 5C1EB30823AB2EED00AB69D4 /* Project object */;
}
